
Microsoft Visual Studio Solution File, Format Version 12.00
# Visual Studio Version 16
VisualStudioVersion = 16.0.30114.105
MinimumVisualStudioVersion = 10.0.40219.1
Project("{2150E333-8FDC-42A3-9474-1A3956D46DE8}") = "src", "src", "{81F288B8-1204-4882-AF9B-41CC1BA728E8}"
EndProject
Project("{FAE04EC0-301F-11D3-BF4B-00C04F79EFBC}") = "Domain", "src\Domain\Domain.csproj", "{39B55C3C-3287-4915-8251-3049F92BF761}"
EndProject
Project("{FAE04EC0-301F-11D3-BF4B-00C04F79EFBC}") = "Infra", "src\Infra\Infra.csproj", "{5ED8167F-2F74-4057-82F3-1E15B1086056}"
EndProject
Project("{FAE04EC0-301F-11D3-BF4B-00C04F79EFBC}") = "Application", "src\Application\Application.csproj", "{B674106C-29C6-4D84-B586-8133A0B235A6}"
EndProject
Project("{FAE04EC0-301F-11D3-BF4B-00C04F79EFBC}") = "CrossCutting", "src\CrossCutting\CrossCutting.csproj", "{D7848C67-0710-4C02-8DC5-695DCBD9939D}"
EndProject
Project("{FAE04EC0-301F-11D3-BF4B-00C04F79EFBC}") = "Test", "src\Test\Test.csproj", "{B3318DA9-F7A0-4FFA-A7AA-649CB7FE93D3}"
EndProject
Global
	GlobalSection(SolutionConfigurationPlatforms) = preSolution
		Debug|Any CPU = Debug|Any CPU
		Debug|x64 = Debug|x64
		Debug|x86 = Debug|x86
		Release|Any CPU = Release|Any CPU
		Release|x64 = Release|x64
		Release|x86 = Release|x86
	EndGlobalSection
	GlobalSection(SolutionProperties) = preSolution
		HideSolutionNode = FALSE
	EndGlobalSection
	GlobalSection(ProjectConfigurationPlatforms) = postSolution
		{39B55C3C-3287-4915-8251-3049F92BF761}.Debug|Any CPU.ActiveCfg = Debug|Any CPU
		{39B55C3C-3287-4915-8251-3049F92BF761}.Debug|Any CPU.Build.0 = Debug|Any CPU
		{39B55C3C-3287-4915-8251-3049F92BF761}.Debug|x64.ActiveCfg = Debug|Any CPU
		{39B55C3C-3287-4915-8251-3049F92BF761}.Debug|x64.Build.0 = Debug|Any CPU
		{39B55C3C-3287-4915-8251-3049F92BF761}.Debug|x86.ActiveCfg = Debug|Any CPU
		{39B55C3C-3287-4915-8251-3049F92BF761}.Debug|x86.Build.0 = Debug|Any CPU
		{39B55C3C-3287-4915-8251-3049F92BF761}.Release|Any CPU.ActiveCfg = Release|Any CPU
		{39B55C3C-3287-4915-8251-3049F92BF761}.Release|Any CPU.Build.0 = Release|Any CPU
		{39B55C3C-3287-4915-8251-3049F92BF761}.Release|x64.ActiveCfg = Release|Any CPU
		{39B55C3C-3287-4915-8251-3049F92BF761}.Release|x64.Build.0 = Release|Any CPU
		{39B55C3C-3287-4915-8251-3049F92BF761}.Release|x86.ActiveCfg = Release|Any CPU
		{39B55C3C-3287-4915-8251-3049F92BF761}.Release|x86.Build.0 = Release|Any CPU
		{5ED8167F-2F74-4057-82F3-1E15B1086056}.Debug|Any CPU.ActiveCfg = Debug|Any CPU
		{5ED8167F-2F74-4057-82F3-1E15B1086056}.Debug|Any CPU.Build.0 = Debug|Any CPU
		{5ED8167F-2F74-4057-82F3-1E15B1086056}.Debug|x64.ActiveCfg = Debug|Any CPU
		{5ED8167F-2F74-4057-82F3-1E15B1086056}.Debug|x64.Build.0 = Debug|Any CPU
		{5ED8167F-2F74-4057-82F3-1E15B1086056}.Debug|x86.ActiveCfg = Debug|Any CPU
		{5ED8167F-2F74-4057-82F3-1E15B1086056}.Debug|x86.Build.0 = Debug|Any CPU
		{5ED8167F-2F74-4057-82F3-1E15B1086056}.Release|Any CPU.ActiveCfg = Release|Any CPU
		{5ED8167F-2F74-4057-82F3-1E15B1086056}.Release|Any CPU.Build.0 = Release|Any CPU
		{5ED8167F-2F74-4057-82F3-1E15B1086056}.Release|x64.ActiveCfg = Release|Any CPU
		{5ED8167F-2F74-4057-82F3-1E15B1086056}.Release|x64.Build.0 = Release|Any CPU
		{5ED8167F-2F74-4057-82F3-1E15B1086056}.Release|x86.ActiveCfg = Release|Any CPU
		{5ED8167F-2F74-4057-82F3-1E15B1086056}.Release|x86.Build.0 = Release|Any CPU
		{B674106C-29C6-4D84-B586-8133A0B235A6}.Debug|Any CPU.ActiveCfg = Debug|Any CPU
		{B674106C-29C6-4D84-B586-8133A0B235A6}.Debug|Any CPU.Build.0 = Debug|Any CPU
		{B674106C-29C6-4D84-B586-8133A0B235A6}.Debug|x64.ActiveCfg = Debug|Any CPU
		{B674106C-29C6-4D84-B586-8133A0B235A6}.Debug|x64.Build.0 = Debug|Any CPU
		{B674106C-29C6-4D84-B586-8133A0B235A6}.Debug|x86.ActiveCfg = Debug|Any CPU
		{B674106C-29C6-4D84-B586-8133A0B235A6}.Debug|x86.Build.0 = Debug|Any CPU
		{B674106C-29C6-4D84-B586-8133A0B235A6}.Release|Any CPU.ActiveCfg = Release|Any CPU
		{B674106C-29C6-4D84-B586-8133A0B235A6}.Release|Any CPU.Build.0 = Release|Any CPU
		{B674106C-29C6-4D84-B586-8133A0B235A6}.Release|x64.ActiveCfg = Release|Any CPU
		{B674106C-29C6-4D84-B586-8133A0B235A6}.Release|x64.Build.0 = Release|Any CPU
		{B674106C-29C6-4D84-B586-8133A0B235A6}.Release|x86.ActiveCfg = Release|Any CPU
		{B674106C-29C6-4D84-B586-8133A0B235A6}.Release|x86.Build.0 = Release|Any CPU
		{D7848C67-0710-4C02-8DC5-695DCBD9939D}.Debug|Any CPU.ActiveCfg = Debug|Any CPU
		{D7848C67-0710-4C02-8DC5-695DCBD9939D}.Debug|Any CPU.Build.0 = Debug|Any CPU
		{D7848C67-0710-4C02-8DC5-695DCBD9939D}.Debug|x64.ActiveCfg = Debug|Any CPU
		{D7848C67-0710-4C02-8DC5-695DCBD9939D}.Debug|x64.Build.0 = Debug|Any CPU
		{D7848C67-0710-4C02-8DC5-695DCBD9939D}.Debug|x86.ActiveCfg = Debug|Any CPU
		{D7848C67-0710-4C02-8DC5-695DCBD9939D}.Debug|x86.Build.0 = Debug|Any CPU
		{D7848C67-0710-4C02-8DC5-695DCBD9939D}.Release|Any CPU.ActiveCfg = Release|Any CPU
		{D7848C67-0710-4C02-8DC5-695DCBD9939D}.Release|Any CPU.Build.0 = Release|Any CPU
		{D7848C67-0710-4C02-8DC5-695DCBD9939D}.Release|x64.ActiveCfg = Release|Any CPU
		{D7848C67-0710-4C02-8DC5-695DCBD9939D}.Release|x64.Build.0 = Release|Any CPU
		{D7848C67-0710-4C02-8DC5-695DCBD9939D}.Release|x86.ActiveCfg = Release|Any CPU
		{D7848C67-0710-4C02-8DC5-695DCBD9939D}.Release|x86.Build.0 = Release|Any CPU
		{B3318DA9-F7A0-4FFA-A7AA-649CB7FE93D3}.Debug|Any CPU.ActiveCfg = Debug|Any CPU
		{B3318DA9-F7A0-4FFA-A7AA-649CB7FE93D3}.Debug|Any CPU.Build.0 = Debug|Any CPU
		{B3318DA9-F7A0-4FFA-A7AA-649CB7FE93D3}.Debug|x64.ActiveCfg = Debug|Any CPU
		{B3318DA9-F7A0-4FFA-A7AA-649CB7FE93D3}.Debug|x64.Build.0 = Debug|Any CPU
		{B3318DA9-F7A0-4FFA-A7AA-649CB7FE93D3}.Debug|x86.ActiveCfg = Debug|Any CPU
		{B3318DA9-F7A0-4FFA-A7AA-649CB7FE93D3}.Debug|x86.Build.0 = Debug|Any CPU
		{B3318DA9-F7A0-4FFA-A7AA-649CB7FE93D3}.Release|Any CPU.ActiveCfg = Release|Any CPU
		{B3318DA9-F7A0-4FFA-A7AA-649CB7FE93D3}.Release|Any CPU.Build.0 = Release|Any CPU
		{B3318DA9-F7A0-4FFA-A7AA-649CB7FE93D3}.Release|x64.ActiveCfg = Release|Any CPU
		{B3318DA9-F7A0-4FFA-A7AA-649CB7FE93D3}.Release|x64.Build.0 = Release|Any CPU
		{B3318DA9-F7A0-4FFA-A7AA-649CB7FE93D3}.Release|x86.ActiveCfg = Release|Any CPU
		{B3318DA9-F7A0-4FFA-A7AA-649CB7FE93D3}.Release|x86.Build.0 = Release|Any CPU
	EndGlobalSection
	GlobalSection(NestedProjects) = preSolution
		{39B55C3C-3287-4915-8251-3049F92BF761} = {81F288B8-1204-4882-AF9B-41CC1BA728E8}
		{5ED8167F-2F74-4057-82F3-1E15B1086056} = {81F288B8-1204-4882-AF9B-41CC1BA728E8}
		{B674106C-29C6-4D84-B586-8133A0B235A6} = {81F288B8-1204-4882-AF9B-41CC1BA728E8}
		{D7848C67-0710-4C02-8DC5-695DCBD9939D} = {81F288B8-1204-4882-AF9B-41CC1BA728E8}
		{B3318DA9-F7A0-4FFA-A7AA-649CB7FE93D3} = {81F288B8-1204-4882-AF9B-41CC1BA728E8}
	EndGlobalSection
EndGlobal
